
Microsoft Visual Studio Solution File, Format Version 12.00
# Visual Studio Version 17
VisualStudioVersion = 17.9.34607.119
MinimumVisualStudioVersion = 10.0.40219.1
Project("{FAE04EC0-301F-11D3-BF4B-00C04F79EFBC}") = "4.UNİTE UYGULAMA 3", "4.UNİTE UYGULAMA 3\4.UNİTE UYGULAMA 3.csproj", "{1A6D57FA-A2F6-4970-BC45-CDCE4EFCB1DF}"
EndProject
Global
	GlobalSection(SolutionConfigurationPlatforms) = preSolution
		Debug|Any CPU = Debug|Any CPU
		Release|Any CPU = Release|Any CPU
	EndGlobalSection
	GlobalSection(ProjectConfigurationPlatforms) = postSolution
		{1A6D57FA-A2F6-4970-BC45-CDCE4EFCB1DF}.Debug|Any CPU.ActiveCfg = Debug|Any CPU
		{1A6D57FA-A2F6-4970-BC45-CDCE4EFCB1DF}.Debug|Any CPU.Build.0 = Debug|Any CPU
		{1A6D57FA-A2F6-4970-BC45-CDCE4EFCB1DF}.Release|Any CPU.ActiveCfg = Release|Any CPU
		{1A6D57FA-A2F6-4970-BC45-CDCE4EFCB1DF}.Release|Any CPU.Build.0 = Release|Any CPU
	EndGlobalSection
	GlobalSection(SolutionProperties) = preSolution
		HideSolutionNode = FALSE
	EndGlobalSection
	GlobalSection(ExtensibilityGlobals) = postSolution
		SolutionGuid = {635796E7-6FFF-4EFF-9EBA-CEB57BDC49EA}
	EndGlobalSection
EndGlobal
